
Microsoft Visual Studio Solution File, Format Version 12.00
# Visual Studio 15
VisualStudioVersion = 15.0.27703.2026
MinimumVisualStudioVersion = 10.0.40219.1
Project("{8BC9CEB8-8B4A-11D0-8D11-00A0C91BC942}") = "guemud", "guemud.vcxproj", "{932EFB11-DFDB-433B-8315-476440313D0F}"
EndProject
Global
	GlobalSection(SolutionConfigurationPlatforms) = preSolution
		Debug|x64 = Debug|x64
		Debug|x86 = Debug|x86
		Release|x64 = Release|x64
		Release|x86 = Release|x86
	EndGlobalSection
	GlobalSection(ProjectConfigurationPlatforms) = postSolution
		{932EFB11-DFDB-433B-8315-476440313D0F}.Debug|x64.ActiveCfg = Debug|x64
		{932EFB11-DFDB-433B-8315-476440313D0F}.Debug|x64.Build.0 = Debug|x64
		{932EFB11-DFDB-433B-8315-476440313D0F}.Debug|x86.ActiveCfg = Debug|Win32
		{932EFB11-DFDB-433B-8315-476440313D0F}.Debug|x86.Build.0 = Debug|Win32
		{932EFB11-DFDB-433B-8315-476440313D0F}.Release|x64.ActiveCfg = Release|x64
		{932EFB11-DFDB-433B-8315-476440313D0F}.Release|x64.Build.0 = Release|x64
		{932EFB11-DFDB-433B-8315-476440313D0F}.Release|x86.ActiveCfg = Release|Win32
		{932EFB11-DFDB-433B-8315-476440313D0F}.Release|x86.Build.0 = Release|Win32
	EndGlobalSection
	GlobalSection(SolutionProperties) = preSolution
		HideSolutionNode = FALSE
	EndGlobalSection
	GlobalSection(ExtensibilityGlobals) = postSolution
		SolutionGuid = {DD8D30B2-B8BA-49CE-BB71-64AFDD60A718}
	EndGlobalSection
EndGlobal
